// !$*UTF8*$!
{
	archiveVersion = 1;
	classes = {
	};
	objectVersion = 55;
	objects = {

/* Begin PBXBuildFile section */
		BD47E1AD28A56E72002B6A6B /* AppDelegate.swift in Sources */ = {isa = PBXBuildFile; fileRef = BD47E1AC28A56E72002B6A6B /* AppDelegate.swift */; };
		BD47E1AF28A56E72002B6A6B /* SceneDelegate.swift in Sources */ = {isa = PBXBuildFile; fileRef = BD47E1AE28A56E72002B6A6B /* SceneDelegate.swift */; };
		BD47E1B128A56E72002B6A6B /* ViewController.swift in Sources */ = {isa = PBXBuildFile; fileRef = BD47E1B028A56E72002B6A6B /* ViewController.swift */; };
		BD47E1B428A56E72002B6A6B /* Main.storyboard in Resources */ = {isa = PBXBuildFile; fileRef = BD47E1B228A56E72002B6A6B /* Main.storyboard */; };
		BD47E1B728A56E72002B6A6B /* Mini_Project_2.xcdatamodeld in Sources */ = {isa = PBXBuildFile; fileRef = BD47E1B528A56E72002B6A6B /* Mini_Project_2.xcdatamodeld */; };
		BD47E1B928A56E73002B6A6B /* Assets.xcassets in Resources */ = {isa = PBXBuildFile; fileRef = BD47E1B828A56E73002B6A6B /* Assets.xcassets */; };
		BD47E1BC28A56E73002B6A6B /* LaunchScreen.storyboard in Resources */ = {isa = PBXBuildFile; fileRef = BD47E1BA28A56E73002B6A6B /* LaunchScreen.storyboard */; };
		BD47E1C428A57313002B6A6B /* secondViewController.swift in Sources */ = {isa = PBXBuildFile; fileRef = BD47E1C328A57313002B6A6B /* secondViewController.swift */; };
		BD47E1C628A57582002B6A6B /* thirdViewController.swift in Sources */ = {isa = PBXBuildFile; fileRef = BD47E1C528A57582002B6A6B /* thirdViewController.swift */; };
		BD9619EE28A69AA60021377C /* gameInfo.swift in Sources */ = {isa = PBXBuildFile; fileRef = BD9619ED28A69AA60021377C /* gameInfo.swift */; };
/* End PBXBuildFile section */

/* Begin PBXFileReference section */
		BD47E1A928A56E72002B6A6B /* Mini-Project-2.app */ = {isa = PBXFileReference; explicitFileType = wrapper.application; includeInIndex = 0; path = "Mini-Project-2.app"; sourceTree = BUILT_PRODUCTS_DIR; };
		BD47E1AC28A56E72002B6A6B /* AppDelegate.swift */ = {isa = PBXFileReference; lastKnownFileType = sourcecode.swift; path = AppDelegate.swift; sourceTree = "<group>"; };
		BD47E1AE28A56E72002B6A6B /* SceneDelegate.swift */ = {isa = PBXFileReference; lastKnownFileType = sourcecode.swift; path = SceneDelegate.swift; sourceTree = "<group>"; };
		BD47E1B028A56E72002B6A6B /* ViewController.swift */ = {isa = PBXFileReference; lastKnownFileType = sourcecode.swift; path = ViewController.swift; sourceTree = "<group>"; };
		BD47E1B328A56E72002B6A6B /* Base */ = {isa = PBXFileReference; lastKnownFileType = file.storyboard; name = Base; path = Base.lproj/Main.storyboard; sourceTree = "<group>"; };
		BD47E1B628A56E72002B6A6B /* Mini_Project_2.xcdatamodel */ = {isa = PBXFileReference; lastKnownFileType = wrapper.xcdatamodel; path = Mini_Project_2.xcdatamodel; sourceTree = "<group>"; };
		BD47E1B828A56E73002B6A6B /* Assets.xcassets */ = {isa = PBXFileReference; lastKnownFileType = folder.assetcatalog; path = Assets.xcassets; sourceTree = "<group>"; };
		BD47E1BB28A56E73002B6A6B /* Base */ = {isa = PBXFileReference; lastKnownFileType = file.storyboard; name = Base; path = Base.lproj/LaunchScreen.storyboard; sourceTree = "<group>"; };
		BD47E1BD28A56E73002B6A6B /* Info.plist */ = {isa = PBXFileReference; lastKnownFileType = text.plist.xml; path = Info.plist; sourceTree = "<group>"; };
		BD47E1C328A57313002B6A6B /* secondViewController.swift */ = {isa = PBXFileReference; lastKnownFileType = sourcecode.swift; path = secondViewController.swift; sourceTree = "<group>"; };
		BD47E1C528A57582002B6A6B /* thirdViewController.swift */ = {isa = PBXFileReference; lastKnownFileType = sourcecode.swift; path = thirdViewController.swift; sourceTree = "<group>"; };
		BD9619ED28A69AA60021377C /* gameInfo.swift */ = {isa = PBXFileReference; lastKnownFileType = sourcecode.swift; path = gameInfo.swift; sourceTree = "<group>"; };
/* End PBXFileReference section */

/* Begin PBXFrameworksBuildPhase section */
		BD47E1A628A56E72002B6A6B /* Frameworks */ = {
			isa = PBXFrameworksBuildPhase;
			buildActionMask = 2147483647;
			files = (
			);
			runOnlyForDeploymentPostprocessing = 0;
		};
/* End PBXFrameworksBuildPhase section */

/* Begin PBXGroup section */
		BD47E1A028A56E72002B6A6B = {
			isa = PBXGroup;
			children = (
				BD47E1AB28A56E72002B6A6B /* Mini-Project-2 */,
				BD47E1AA28A56E72002B6A6B /* Products */,
			);
			sourceTree = "<group>";
		};
		BD47E1AA28A56E72002B6A6B /* Products */ = {
			isa = PBXGroup;
			children = (
				BD47E1A928A56E72002B6A6B /* Mini-Project-2.app */,
			);
			name = Products;
			sourceTree = "<group>";
		};
		BD47E1AB28A56E72002B6A6B /* Mini-Project-2 */ = {
			isa = PBXGroup;
			children = (
				BD47E1AC28A56E72002B6A6B /* AppDelegate.swift */,
				BD47E1AE28A56E72002B6A6B /* SceneDelegate.swift */,
				BD47E1B028A56E72002B6A6B /* ViewController.swift */,
				BD47E1B228A56E72002B6A6B /* Main.storyboard */,
				BD47E1C528A57582002B6A6B /* thirdViewController.swift */,
				BD47E1C328A57313002B6A6B /* secondViewController.swift */,
				BD47E1B828A56E73002B6A6B /* Assets.xcassets */,
				BD47E1BA28A56E73002B6A6B /* LaunchScreen.storyboard */,
				BD47E1BD28A56E73002B6A6B /* Info.plist */,
				BD47E1B528A56E72002B6A6B /* Mini_Project_2.xcdatamodeld */,
				BD9619ED28A69AA60021377C /* gameInfo.swift */,
			);
			path = "Mini-Project-2";
			sourceTree = "<group>";
		};
/* End PBXGroup section */

/* Begin PBXNativeTarget section */
		BD47E1A828A56E72002B6A6B /* Mini-Project-2 */ = {
			isa = PBXNativeTarget;
			buildConfigurationList = BD47E1C028A56E73002B6A6B /* Build configuration list for PBXNativeTarget "Mini-Project-2" */;
			buildPhases = (
				BD47E1A528A56E72002B6A6B /* Sources */,
				BD47E1A628A56E72002B6A6B /* Frameworks */,
				BD47E1A728A56E72002B6A6B /* Resources */,
			);
			buildRules = (
			);
			dependencies = (
			);
			name = "Mini-Project-2";
			productName = "Mini-Project-2";
			productReference = BD47E1A928A56E72002B6A6B /* Mini-Project-2.app */;
			productType = "com.apple.product-type.application";
		};
/* End PBXNativeTarget section */

/* Begin PBXProject section */
		BD47E1A128A56E72002B6A6B /* Project object */ = {
			isa = PBXProject;
			attributes = {
				BuildIndependentTargetsInParallel = 1;
				LastSwiftUpdateCheck = 1340;
				LastUpgradeCheck = 1340;
				TargetAttributes = {
					BD47E1A828A56E72002B6A6B = {
						CreatedOnToolsVersion = 13.4.1;
					};
				};
			};
			buildConfigurationList = BD47E1A428A56E72002B6A6B /* Build configuration list for PBXProject "Mini-Project-2" */;
			compatibilityVersion = "Xcode 13.0";
			developmentRegion = en;
			hasScannedForEncodings = 0;
			knownRegions = (
				en,
				Base,
			);
			mainGroup = BD47E1A028A56E72002B6A6B;
			productRefGroup = BD47E1AA28A56E72002B6A6B /* Products */;
			projectDirPath = "";
			projectRoot = "";
			targets = (
				BD47E1A828A56E72002B6A6B /* Mini-Project-2 */,
			);
		};
/* End PBXProject section */

/* Begin PBXResourcesBuildPhase section */
		BD47E1A728A56E72002B6A6B /* Resources */ = {
			isa = PBXResourcesBuildPhase;
			buildActionMask = 2147483647;
			files = (
				BD47E1BC28A56E73002B6A6B /* LaunchScreen.storyboard in Resources */,
				BD47E1B928A56E73002B6A6B /* Assets.xcassets in Resources */,
				BD47E1B428A56E72002B6A6B /* Main.storyboard in Resources */,
			);
			runOnlyForDeploymentPostprocessing = 0;
		};
/* End PBXResourcesBuildPhase section */

/* Begin PBXSourcesBuildPhase section */
		BD47E1A528A56E72002B6A6B /* Sources */ = {
			isa = PBXSourcesBuildPhase;
			buildActionMask = 2147483647;
			files = (
				BD47E1B128A56E72002B6A6B /* ViewController.swift in Sources */,
				BD9619EE28A69AA60021377C /* gameInfo.swift in Sources */,
				BD47E1AD28A56E72002B6A6B /* AppDelegate.swift in Sources */,
				BD47E1C628A57582002B6A6B /* thirdViewController.swift in Sources */,
				BD47E1AF28A56E72002B6A6B /* SceneDelegate.swift in Sources */,
				BD47E1C428A57313002B6A6B /* secondViewController.swift in Sources */,
				BD47E1B728A56E72002B6A6B /* Mini_Project_2.xcdatamodeld in Sources */,
			);
			runOnlyForDeploymentPostprocessing = 0;
		};
/* End PBXSourcesBuildPhase section */

/* Begin PBXVariantGroup section */
		BD47E1B228A56E72002B6A6B /* Main.storyboard */ = {
			isa = PBXVariantGroup;
			children = (
				BD47E1B328A56E72002B6A6B /* Base */,
			);
			name = Main.storyboard;
			sourceTree = "<group>";
		};
		BD47E1BA28A56E73002B6A6B /* LaunchScreen.storyboard */ = {
			isa = PBXVariantGroup;
			children = (
				BD47E1BB28A56E73002B6A6B /* Base */,
			);
			name = LaunchScreen.storyboard;
			sourceTree = "<group>";
		};
/* End PBXVariantGroup section */

/* Begin XCBuildConfiguration section */
		BD47E1BE28A56E73002B6A6B /* Debug */ = {
			isa = XCBuildConfiguration;
			buildSettings = {
				ALWAYS_SEARCH_USER_PATHS = NO;
				CLANG_ANALYZER_NONNULL = YES;
				CLANG_ANALYZER_NUMBER_OBJECT_CONVERSION = YES_AGGRESSIVE;
				CLANG_CXX_LANGUAGE_STANDARD = "gnu++17";
				CLANG_ENABLE_MODULES = YES;
				CLANG_ENABLE_OBJC_ARC = YES;
				CLANG_ENABLE_OBJC_WEAK = YES;
				CLANG_WARN_BLOCK_CAPTURE_AUTORELEASING = YES;
				CLANG_WARN_BOOL_CONVERSION = YES;
				CLANG_WARN_COMMA = YES;
				CLANG_WARN_CONSTANT_CONVERSION = YES;
				CLANG_WARN_DEPRECATED_OBJC_IMPLEMENTATIONS = YES;
				CLANG_WARN_DIRECT_OBJC_ISA_USAGE = YES_ERROR;
				CLANG_WARN_DOCUMENTATION_COMMENTS = YES;
				CLANG_WARN_EMPTY_BODY = YES;
				CLANG_WARN_ENUM_CONVERSION = YES;
				CLANG_WARN_INFINITE_RECURSION = YES;
				CLANG_WARN_INT_CONVERSION = YES;
				CLANG_WARN_NON_LITERAL_NULL_CONVERSION = YES;
				CLANG_WARN_OBJC_IMPLICIT_RETAIN_SELF = YES;
				CLANG_WARN_OBJC_LITERAL_CONVERSION = YES;
				CLANG_WARN_OBJC_ROOT_CLASS = YES_ERROR;
				CLANG_WARN_QUOTED_INCLUDE_IN_FRAMEWORK_HEADER = YES;
				CLANG_WARN_RANGE_LOOP_ANALYSIS = YES;
				CLANG_WARN_STRICT_PROTOTYPES = YES;
				CLANG_WARN_SUSPICIOUS_MOVE = YES;
				CLANG_WARN_UNGUARDED_AVAILABILITY = YES_AGGRESSIVE;
				CLANG_WARN_UNREACHABLE_CODE = YES;
				CLANG_WARN__DUPLICATE_METHOD_MATCH = YES;
				COPY_PHASE_STRIP = NO;
				DEBUG_INFORMATION_FORMAT = dwarf;
				ENABLE_STRICT_OBJC_MSGSEND = YES;
				ENABLE_TESTABILITY = YES;
				GCC_C_LANGUAGE_STANDARD = gnu11;
				GCC_DYNAMIC_NO_PIC = NO;
				GCC_NO_COMMON_BLOCKS = YES;
				GCC_OPTIMIZATION_LEVEL = 0;
				GCC_PREPROCESSOR_DEFINITIONS = (
					"DEBUG=1",
					"$(inherited)",
				);
				GCC_WARN_64_TO_32_BIT_CONVERSION = YES;
				GCC_WARN_ABOUT_RETURN_TYPE = YES_ERROR;
				GCC_WARN_UNDECLARED_SELECTOR = YES;
				GCC_WARN_UNINITIALIZED_AUTOS = YES_AGGRESSIVE;
				GCC_WARN_UNUSED_FUNCTION = YES;
				GCC_WARN_UNUSED_VARIABLE = YES;
				IPHONEOS_DEPLOYMENT_TARGET = 15.5;
				MTL_ENABLE_DEBUG_INFO = INCLUDE_SOURCE;
				MTL_FAST_MATH = YES;
				ONLY_ACTIVE_ARCH = YES;
				SDKROOT = iphoneos;
				SWIFT_ACTIVE_COMPILATION_CONDITIONS = DEBUG;
				SWIFT_OPTIMIZATION_LEVEL = "-Onone";
			};
			name = Debug;
		};
		BD47E1BF28A56E73002B6A6B /* Release */ = {
			isa = XCBuildConfiguration;
			buildSettings = {
				ALWAYS_SEARCH_USER_PATHS = NO;
				CLANG_ANALYZER_NONNULL = YES;
				CLANG_ANALYZER_NUMBER_OBJECT_CONVERSION = YES_AGGRESSIVE;
				CLANG_CXX_LANGUAGE_STANDARD = "gnu++17";
				CLANG_ENABLE_MODULES = YES;
				CLANG_ENABLE_OBJC_ARC = YES;
				CLANG_ENABLE_OBJC_WEAK = YES;
				CLANG_WARN_BLOCK_CAPTURE_AUTORELEASING = YES;
				CLANG_WARN_BOOL_CONVERSION = YES;
				CLANG_WARN_COMMA = YES;
				CLANG_WARN_CONSTANT_CONVERSION = YES;
				CLANG_WARN_DEPRECATED_OBJC_IMPLEMENTATIONS = YES;
				CLANG_WARN_DIRECT_OBJC_ISA_USAGE = YES_ERROR;
				CLANG_WARN_DOCUMENTATION_COMMENTS = YES;
				CLANG_WARN_EMPTY_BODY = YES;
				CLANG_WARN_ENUM_CONVERSION = YES;
				CLANG_WARN_INFINITE_RECURSION = YES;
				CLANG_WARN_INT_CONVERSION = YES;
				CLANG_WARN_NON_LITERAL_NULL_CONVERSION = YES;
				CLANG_WARN_OBJC_IMPLICIT_RETAIN_SELF = YES;
				CLANG_WARN_OBJC_LITERAL_CONVERSION = YES;
				CLANG_WARN_OBJC_ROOT_CLASS = YES_ERROR;
				CLANG_WARN_QUOTED_INCLUDE_IN_FRAMEWORK_HEADER = YES;
				CLANG_WARN_RANGE_LOOP_ANALYSIS = YES;
				CLANG_WARN_STRICT_PROTOTYPES = YES;
				CLANG_WARN_SUSPICIOUS_MOVE = YES;
				CLANG_WARN_UNGUARDED_AVAILABILITY = YES_AGGRESSIVE;
				CLANG_WARN_UNREACHABLE_CODE = YES;
				CLANG_WARN__DUPLICATE_METHOD_MATCH = YES;
				COPY_PHASE_STRIP = NO;
				DEBUG_INFORMATION_FORMAT = "dwarf-with-dsym";
				ENABLE_NS_ASSERTIONS = NO;
				ENABLE_STRICT_OBJC_MSGSEND = YES;
				GCC_C_LANGUAGE_STANDARD = gnu11;
				GCC_NO_COMMON_BLOCKS = YES;
				GCC_WARN_64_TO_32_BIT_CONVERSION = YES;
				GCC_WARN_ABOUT_RETURN_TYPE = YES_ERROR;
				GCC_WARN_UNDECLARED_SELECTOR = YES;
				GCC_WARN_UNINITIALIZED_AUTOS = YES_AGGRESSIVE;
				GCC_WARN_UNUSED_FUNCTION = YES;
				GCC_WARN_UNUSED_VARIABLE = YES;
				IPHONEOS_DEPLOYMENT_TARGET = 15.5;
				MTL_ENABLE_DEBUG_INFO = NO;
				MTL_FAST_MATH = YES;
				SDKROOT = iphoneos;
				SWIFT_COMPILATION_MODE = wholemodule;
				SWIFT_OPTIMIZATION_LEVEL = "-O";
				VALIDATE_PRODUCT = YES;
			};
			name = Release;
		};
		BD47E1C128A56E73002B6A6B /* Debug */ = {
			isa = XCBuildConfiguration;
			buildSettings = {
				ASSETCATALOG_COMPILER_APPICON_NAME = AppIcon;
				ASSETCATALOG_COMPILER_GLOBAL_ACCENT_COLOR_NAME = AccentColor;
				CODE_SIGN_STYLE = Automatic;
				CURRENT_PROJECT_VERSION = 1;
				GENERATE_INFOPLIST_FILE = YES;
				INFOPLIST_FILE = "Mini-Project-2/Info.plist";
				INFOPLIST_KEY_UIApplicationSupportsIndirectInputEvents = YES;
				INFOPLIST_KEY_UILaunchStoryboardName = LaunchScreen;
				INFOPLIST_KEY_UIMainStoryboardFile = Main;
				INFOPLIST_KEY_UISupportedInterfaceOrientations_iPad = "UIInterfaceOrientationPortrait UIInterfaceOrientationPortraitUpsideDown UIInterfaceOrientationLandscapeLeft UIInterfaceOrientationLandscapeRight";
				INFOPLIST_KEY_UISupportedInterfaceOrientations_iPhone = "UIInterfaceOrientationPortrait UIInterfaceOrientationLandscapeLeft UIInterfaceOrientationLandscapeRight";
				LD_RUNPATH_SEARCH_PATHS = (
					"$(inherited)",
					"@executable_path/Frameworks",
				);
				MARKETING_VERSION = 1.0;
				PRODUCT_BUNDLE_IDENTIFIER = "kwk.Mini-Project-2";
				PRODUCT_NAME = "$(TARGET_NAME)";
				SWIFT_EMIT_LOC_STRINGS = YES;
				SWIFT_VERSION = 5.0;
				TARGETED_DEVICE_FAMILY = "1,2";
			};
			name = Debug;
		};
		BD47E1C228A56E73002B6A6B /* Release */ = {
			isa = XCBuildConfiguration;
			buildSettings = {
				ASSETCATALOG_COMPILER_APPICON_NAME = AppIcon;
				ASSETCATALOG_COMPILER_GLOBAL_ACCENT_COLOR_NAME = AccentColor;
				CODE_SIGN_STYLE = Automatic;
				CURRENT_PROJECT_VERSION = 1;
				GENERATE_INFOPLIST_FILE = YES;
				INFOPLIST_FILE = "Mini-Project-2/Info.plist";
				INFOPLIST_KEY_UIApplicationSupportsIndirectInputEvents = YES;
				INFOPLIST_KEY_UILaunchStoryboardName = LaunchScreen;
				INFOPLIST_KEY_UIMainStoryboardFile = Main;
				INFOPLIST_KEY_UISupportedInterfaceOrientations_iPad = "UIInterfaceOrientationPortrait UIInterfaceOrientationPortraitUpsideDown UIInterfaceOrientationLandscapeLeft UIInterfaceOrientationLandscapeRight";
				INFOPLIST_KEY_UISupportedInterfaceOrientations_iPhone = "UIInterfaceOrientationPortrait UIInterfaceOrientationLandscapeLeft UIInterfaceOrientationLandscapeRight";
				LD_RUNPATH_SEARCH_PATHS = (
					"$(inherited)",
					"@executable_path/Frameworks",
				);
				MARKETING_VERSION = 1.0;
				PRODUCT_BUNDLE_IDENTIFIER = "kwk.Mini-Project-2";
				PRODUCT_NAME = "$(TARGET_NAME)";
				SWIFT_EMIT_LOC_STRINGS = YES;
				SWIFT_VERSION = 5.0;
				TARGETED_DEVICE_FAMILY = "1,2";
			};
			name = Release;
		};
/* End XCBuildConfiguration section */

/* Begin XCConfigurationList section */
		BD47E1A428A56E72002B6A6B /* Build configuration list for PBXProject "Mini-Project-2" */ = {
			isa = XCConfigurationList;
			buildConfigurations = (
				BD47E1BE28A56E73002B6A6B /* Debug */,
				BD47E1BF28A56E73002B6A6B /* Release */,
			);
			defaultConfigurationIsVisible = 0;
			defaultConfigurationName = Release;
		};
		BD47E1C028A56E73002B6A6B /* Build configuration list for PBXNativeTarget "Mini-Project-2" */ = {
			isa = XCConfigurationList;
			buildConfigurations = (
				BD47E1C128A56E73002B6A6B /* Debug */,
				BD47E1C228A56E73002B6A6B /* Release */,
			);
			defaultConfigurationIsVisible = 0;
			defaultConfigurationName = Release;
		};
/* End XCConfigurationList section */

/* Begin XCVersionGroup section */
		BD47E1B528A56E72002B6A6B /* Mini_Project_2.xcdatamodeld */ = {
			isa = XCVersionGroup;
			children = (
				BD47E1B628A56E72002B6A6B /* Mini_Project_2.xcdatamodel */,
			);
			currentVersion = BD47E1B628A56E72002B6A6B /* Mini_Project_2.xcdatamodel */;
			path = Mini_Project_2.xcdatamodeld;
			sourceTree = "<group>";
			versionGroupType = wrapper.xcdatamodel;
		};
/* End XCVersionGroup section */
	};
	rootObject = BD47E1A128A56E72002B6A6B /* Project object */;
}
